
Microsoft Visual Studio Solution File, Format Version 12.00
# Visual Studio Version 17
VisualStudioVersion = 17.6.33815.320
MinimumVisualStudioVersion = 10.0.40219.1
Project("{FAE04EC0-301F-11D3-BF4B-00C04F79EFBC}") = "MTVHesaplama", "MTVHesaplama\MTVHesaplama.csproj", "{FC8ACC03-9C19-4A79-BD8F-5DE79E469368}"
EndProject
Global
	GlobalSection(SolutionConfigurationPlatforms) = preSolution
		Debug|Any CPU = Debug|Any CPU
		Release|Any CPU = Release|Any CPU
	EndGlobalSection
	GlobalSection(ProjectConfigurationPlatforms) = postSolution
		{FC8ACC03-9C19-4A79-BD8F-5DE79E469368}.Debug|Any CPU.ActiveCfg = Debug|Any CPU
		{FC8ACC03-9C19-4A79-BD8F-5DE79E469368}.Debug|Any CPU.Build.0 = Debug|Any CPU
		{FC8ACC03-9C19-4A79-BD8F-5DE79E469368}.Release|Any CPU.ActiveCfg = Release|Any CPU
		{FC8ACC03-9C19-4A79-BD8F-5DE79E469368}.Release|Any CPU.Build.0 = Release|Any CPU
	EndGlobalSection
	GlobalSection(SolutionProperties) = preSolution
		HideSolutionNode = FALSE
	EndGlobalSection
	GlobalSection(ExtensibilityGlobals) = postSolution
		SolutionGuid = {1AC3D96B-DC17-48DA-8D1C-7718F92A7331}
	EndGlobalSection
EndGlobal
